
Microsoft Visual Studio Solution File, Format Version 12.00
# Visual Studio Version 17
VisualStudioVersion = 17.10.34928.147
MinimumVisualStudioVersion = 10.0.40219.1
Project("{9A19103F-16F7-4668-BE54-9A1E7A4F7556}") = "UserTicketService", "UserTicketService\UserTicketService.csproj", "{7A726AE2-1CF8-4860-A774-064AE810E8B0}"
EndProject
Project("{FAE04EC0-301F-11D3-BF4B-00C04F79EFBC}") = "UserTicketService.Tests", "UserTicketService.Tests\UserTicketService.Tests.csproj", "{C0C77C38-F6E6-49B6-A85F-E78E98E62FC6}"
EndProject
Project("{FAE04EC0-301F-11D3-BF4B-00C04F79EFBC}") = "TestXUnit1", "TestXUnit1\TestXUnit1.csproj", "{767B3778-BC2D-4B33-A7A2-D73780C22C94}"
EndProject
Project("{FAE04EC0-301F-11D3-BF4B-00C04F79EFBC}") = "TestXUnit1.Tests", "TestXUnit1.Tests\TestXUnit1.Tests.csproj", "{C8889BA4-1696-469E-97D9-DAF8DB84B6D3}"
EndProject
Global
	GlobalSection(SolutionConfigurationPlatforms) = preSolution
		Debug|Any CPU = Debug|Any CPU
		Release|Any CPU = Release|Any CPU
	EndGlobalSection
	GlobalSection(ProjectConfigurationPlatforms) = postSolution
		{7A726AE2-1CF8-4860-A774-064AE810E8B0}.Debug|Any CPU.ActiveCfg = Debug|Any CPU
		{7A726AE2-1CF8-4860-A774-064AE810E8B0}.Debug|Any CPU.Build.0 = Debug|Any CPU
		{7A726AE2-1CF8-4860-A774-064AE810E8B0}.Release|Any CPU.ActiveCfg = Release|Any CPU
		{7A726AE2-1CF8-4860-A774-064AE810E8B0}.Release|Any CPU.Build.0 = Release|Any CPU
		{C0C77C38-F6E6-49B6-A85F-E78E98E62FC6}.Debug|Any CPU.ActiveCfg = Debug|Any CPU
		{C0C77C38-F6E6-49B6-A85F-E78E98E62FC6}.Debug|Any CPU.Build.0 = Debug|Any CPU
		{C0C77C38-F6E6-49B6-A85F-E78E98E62FC6}.Release|Any CPU.ActiveCfg = Release|Any CPU
		{C0C77C38-F6E6-49B6-A85F-E78E98E62FC6}.Release|Any CPU.Build.0 = Release|Any CPU
		{767B3778-BC2D-4B33-A7A2-D73780C22C94}.Debug|Any CPU.ActiveCfg = Debug|Any CPU
		{767B3778-BC2D-4B33-A7A2-D73780C22C94}.Debug|Any CPU.Build.0 = Debug|Any CPU
		{767B3778-BC2D-4B33-A7A2-D73780C22C94}.Release|Any CPU.ActiveCfg = Release|Any CPU
		{767B3778-BC2D-4B33-A7A2-D73780C22C94}.Release|Any CPU.Build.0 = Release|Any CPU
		{C8889BA4-1696-469E-97D9-DAF8DB84B6D3}.Debug|Any CPU.ActiveCfg = Debug|Any CPU
		{C8889BA4-1696-469E-97D9-DAF8DB84B6D3}.Debug|Any CPU.Build.0 = Debug|Any CPU
		{C8889BA4-1696-469E-97D9-DAF8DB84B6D3}.Release|Any CPU.ActiveCfg = Release|Any CPU
		{C8889BA4-1696-469E-97D9-DAF8DB84B6D3}.Release|Any CPU.Build.0 = Release|Any CPU
	EndGlobalSection
	GlobalSection(SolutionProperties) = preSolution
		HideSolutionNode = FALSE
	EndGlobalSection
	GlobalSection(ExtensibilityGlobals) = postSolution
		SolutionGuid = {4793FD71-2F3B-426B-BCF9-1905F7FB229D}
	EndGlobalSection
EndGlobal
